{
  "name": "011_class_pick_sys",
  "version": "1.0.0",
  "lockfileVersion": 1,
  "requires": true,
  "dependencies": {
    "array-uniq": {
      "version": "1.0.2",
      "resolved": "https://registry.nlark.com/array-uniq/download/array-uniq-1.0.2.tgz?cache=0&sync_timestamp=1620042045402&other_urls=https%3A%2F%2Fregistry.nlark.com%2Farray-uniq%2Fdownload%2Farray-uniq-1.0.2.tgz",
      "integrity": "sha1-X8w3OSB3VyPP1k1lxkvvU7+eum0="
    },
    "randombytes": {
      "version": "2.0.3",
      "resolved": "https://registry.npm.taobao.org/randombytes/download/randombytes-2.0.3.tgz",
      "integrity": "sha1-Z0yZdgkBw8QRJ3GjHlIdw0nMCew="
    },
    "randomstring": {
      "version": "1.2.1",
      "resolved": "https://registry.nlark.com/randomstring/download/randomstring-1.2.1.tgz",
      "integrity": "sha1-cc082iStG34LZShrOqXBCFMBk0k=",
      "requires": {
        "array-uniq": "1.0.2",
        "randombytes": "2.0.3"
      }
    },
    "uuid": {
      "version": "8.3.2",
      "resolved": "https://registry.nlark.com/uuid/download/uuid-8.3.2.tgz?cache=0&sync_timestamp=1622213185460&other_urls=https%3A%2F%2Fregistry.nlark.com%2Fuuid%2Fdownload%2Fuuid-8.3.2.tgz",
      "integrity": "sha1-gNW1ztJxu5r2xEXyGhoExgbO++I="
    }
  }
}
